
Microsoft Visual Studio Solution File, Format Version 12.00
# Visual Studio 15
VisualStudioVersion = 15.0.28307.1022
MinimumVisualStudioVersion = 10.0.40219.1
Project("{FAE04EC0-301F-11D3-BF4B-00C04F79EFBC}") = "WindowsFormsApp1", "WindowsFormsApp1\WindowsFormsApp1.csproj", "{9E0A25FE-F70B-49E6-A7F7-C5D61D62B325}"
EndProject
Global
	GlobalSection(SolutionConfigurationPlatforms) = preSolution
		Debug|Any CPU = Debug|Any CPU
		Release|Any CPU = Release|Any CPU
	EndGlobalSection
	GlobalSection(ProjectConfigurationPlatforms) = postSolution
		{9E0A25FE-F70B-49E6-A7F7-C5D61D62B325}.Debug|Any CPU.ActiveCfg = Debug|Any CPU
		{9E0A25FE-F70B-49E6-A7F7-C5D61D62B325}.Debug|Any CPU.Build.0 = Debug|Any CPU
		{9E0A25FE-F70B-49E6-A7F7-C5D61D62B325}.Release|Any CPU.ActiveCfg = Release|Any CPU
		{9E0A25FE-F70B-49E6-A7F7-C5D61D62B325}.Release|Any CPU.Build.0 = Release|Any CPU
	EndGlobalSection
	GlobalSection(SolutionProperties) = preSolution
		HideSolutionNode = FALSE
	EndGlobalSection
	GlobalSection(ExtensibilityGlobals) = postSolution
		SolutionGuid = {5C2AB262-B9E4-4F21-AB42-6EC2739518FB}
	EndGlobalSection
EndGlobal
